
Microsoft Visual Studio Solution File, Format Version 12.00
# Visual Studio 15
VisualStudioVersion = 15.0.28307.960
MinimumVisualStudioVersion = 10.0.40219.1
Project("{9A19103F-16F7-4668-BE54-9A1E7A4F7556}") = "RamMonitorPrototype", "RamMonitorPrototype\RamMonitorPrototype.csproj", "{3D478207-0888-4FB1-8520-7725128A892B}"
EndProject
Project("{FAE04EC0-301F-11D3-BF4B-00C04F79EFBC}") = "RamMonitor", "RamMonitor\RamMonitor.csproj", "{624DA03A-BC45-4270-9F2D-D95299D8AC14}"
EndProject
Global
	GlobalSection(SolutionConfigurationPlatforms) = preSolution
		Debug|Any CPU = Debug|Any CPU
		Release|Any CPU = Release|Any CPU
	EndGlobalSection
	GlobalSection(ProjectConfigurationPlatforms) = postSolution
		{3D478207-0888-4FB1-8520-7725128A892B}.Debug|Any CPU.ActiveCfg = Debug|Any CPU
		{3D478207-0888-4FB1-8520-7725128A892B}.Debug|Any CPU.Build.0 = Debug|Any CPU
		{3D478207-0888-4FB1-8520-7725128A892B}.Release|Any CPU.ActiveCfg = Release|Any CPU
		{3D478207-0888-4FB1-8520-7725128A892B}.Release|Any CPU.Build.0 = Release|Any CPU
		{624DA03A-BC45-4270-9F2D-D95299D8AC14}.Debug|Any CPU.ActiveCfg = Debug|Any CPU
		{624DA03A-BC45-4270-9F2D-D95299D8AC14}.Debug|Any CPU.Build.0 = Debug|Any CPU
		{624DA03A-BC45-4270-9F2D-D95299D8AC14}.Release|Any CPU.ActiveCfg = Release|Any CPU
		{624DA03A-BC45-4270-9F2D-D95299D8AC14}.Release|Any CPU.Build.0 = Release|Any CPU
	EndGlobalSection
	GlobalSection(SolutionProperties) = preSolution
		HideSolutionNode = FALSE
	EndGlobalSection
	GlobalSection(ExtensibilityGlobals) = postSolution
		SolutionGuid = {D8E49BEB-BD63-4A71-A234-1E2626ABA538}
	EndGlobalSection
EndGlobal
